
Microsoft Visual Studio Solution File, Format Version 12.00
# Visual Studio Version 16
VisualStudioVersion = 16.0.30225.117
MinimumVisualStudioVersion = 10.0.40219.1
Project("{FAE04EC0-301F-11D3-BF4B-00C04F79EFBC}") = "koichanCoreUserTest", "koichanCoreUserTest\koichanCoreUserTest.csproj", "{6C88E1E3-7F28-4197-B052-63178CF48F52}"
EndProject
Global
	GlobalSection(SolutionConfigurationPlatforms) = preSolution
		Debug|Any CPU = Debug|Any CPU
		Release|Any CPU = Release|Any CPU
	EndGlobalSection
	GlobalSection(ProjectConfigurationPlatforms) = postSolution
		{6C88E1E3-7F28-4197-B052-63178CF48F52}.Debug|Any CPU.ActiveCfg = Debug|Any CPU
		{6C88E1E3-7F28-4197-B052-63178CF48F52}.Debug|Any CPU.Build.0 = Debug|Any CPU
		{6C88E1E3-7F28-4197-B052-63178CF48F52}.Release|Any CPU.ActiveCfg = Release|Any CPU
		{6C88E1E3-7F28-4197-B052-63178CF48F52}.Release|Any CPU.Build.0 = Release|Any CPU
	EndGlobalSection
	GlobalSection(SolutionProperties) = preSolution
		HideSolutionNode = FALSE
	EndGlobalSection
	GlobalSection(ExtensibilityGlobals) = postSolution
		SolutionGuid = {2C438810-565E-4995-8DD0-BA8F45825060}
	EndGlobalSection
EndGlobal
